
Microsoft Visual Studio Solution File, Format Version 12.00
# Visual Studio Version 16
VisualStudioVersion = 16.0.31129.286
MinimumVisualStudioVersion = 10.0.40219.1
Project("{FAE04EC0-301F-11D3-BF4B-00C04F79EFBC}") = "tuna_can", "tuna_can\tuna_can.csproj", "{24B0C2DC-1561-41A4-A81D-75275EFA0F90}"
EndProject
Global
	GlobalSection(SolutionConfigurationPlatforms) = preSolution
		Debug|Any CPU = Debug|Any CPU
		Release|Any CPU = Release|Any CPU
	EndGlobalSection
	GlobalSection(ProjectConfigurationPlatforms) = postSolution
		{24B0C2DC-1561-41A4-A81D-75275EFA0F90}.Debug|Any CPU.ActiveCfg = Debug|Any CPU
		{24B0C2DC-1561-41A4-A81D-75275EFA0F90}.Debug|Any CPU.Build.0 = Debug|Any CPU
		{24B0C2DC-1561-41A4-A81D-75275EFA0F90}.Release|Any CPU.ActiveCfg = Release|Any CPU
		{24B0C2DC-1561-41A4-A81D-75275EFA0F90}.Release|Any CPU.Build.0 = Release|Any CPU
	EndGlobalSection
	GlobalSection(SolutionProperties) = preSolution
		HideSolutionNode = FALSE
	EndGlobalSection
	GlobalSection(ExtensibilityGlobals) = postSolution
		SolutionGuid = {1A2A7029-DEC1-4F84-A317-29E07F650B1C}
	EndGlobalSection
EndGlobal
